
Microsoft Visual Studio Solution File, Format Version 12.00
# Visual Studio 2012
Project("{8BC9CEB8-8B4A-11D0-8D11-00A0C91BC942}") = "Linked Ver1", "Linked Ver1\Linked Ver1.vcxproj", "{54E9D254-9661-4266-A58F-B3F9F3A184EA}"
EndProject
Global
	GlobalSection(SolutionConfigurationPlatforms) = preSolution
		Debug|Win32 = Debug|Win32
		Release|Win32 = Release|Win32
	EndGlobalSection
	GlobalSection(ProjectConfigurationPlatforms) = postSolution
		{54E9D254-9661-4266-A58F-B3F9F3A184EA}.Debug|Win32.ActiveCfg = Debug|Win32
		{54E9D254-9661-4266-A58F-B3F9F3A184EA}.Debug|Win32.Build.0 = Debug|Win32
		{54E9D254-9661-4266-A58F-B3F9F3A184EA}.Release|Win32.ActiveCfg = Release|Win32
		{54E9D254-9661-4266-A58F-B3F9F3A184EA}.Release|Win32.Build.0 = Release|Win32
	EndGlobalSection
	GlobalSection(SolutionProperties) = preSolution
		HideSolutionNode = FALSE
	EndGlobalSection
EndGlobal
